// !$*UTF8*$!
{
	archiveVersion = 1;
	classes = {
	};
	objectVersion = 48;
	objects = {

/* Begin PBXBuildFile section */
		2043B12720536EBC007235DF /* AppDelegate.swift in Sources */ = {isa = PBXBuildFile; fileRef = 2043B12620536EBC007235DF /* AppDelegate.swift */; };
		2043B12C20536EBC007235DF /* Main.storyboard in Resources */ = {isa = PBXBuildFile; fileRef = 2043B12A20536EBC007235DF /* Main.storyboard */; };
		2043B12E20536EBC007235DF /* Assets.xcassets in Resources */ = {isa = PBXBuildFile; fileRef = 2043B12D20536EBC007235DF /* Assets.xcassets */; };
		2043B13120536EBC007235DF /* LaunchScreen.storyboard in Resources */ = {isa = PBXBuildFile; fileRef = 2043B12F20536EBC007235DF /* LaunchScreen.storyboard */; };
		2043B13920558A59007235DF /* UIColor+theme.swift in Sources */ = {isa = PBXBuildFile; fileRef = 2043B13820558A59007235DF /* UIColor+theme.swift */; };
		2043B13B2055916B007235DF /* Company.swift in Sources */ = {isa = PBXBuildFile; fileRef = 2043B13A2055916B007235DF /* Company.swift */; };
		2043B13D2055946D007235DF /* CompaniesController.swift in Sources */ = {isa = PBXBuildFile; fileRef = 2043B13C2055946D007235DF /* CompaniesController.swift */; };
		2043B13F2056FDEC007235DF /* CreateCompanyController.swift in Sources */ = {isa = PBXBuildFile; fileRef = 2043B13E2056FDEC007235DF /* CreateCompanyController.swift */; };
		2043B14220596C18007235DF /* IntermediateTrainingModels.xcdatamodeld in Sources */ = {isa = PBXBuildFile; fileRef = 2043B14020596C18007235DF /* IntermediateTrainingModels.xcdatamodeld */; };
		2043B14420597698007235DF /* CoreDataManager.swift in Sources */ = {isa = PBXBuildFile; fileRef = 2043B14320597698007235DF /* CoreDataManager.swift */; };
		2043B1462059E354007235DF /* CompanyCell.swift in Sources */ = {isa = PBXBuildFile; fileRef = 2043B1452059E354007235DF /* CompanyCell.swift */; };
		2043B149205A60B8007235DF /* CompaniesController+CreateCompany.swift in Sources */ = {isa = PBXBuildFile; fileRef = 2043B148205A60B8007235DF /* CompaniesController+CreateCompany.swift */; };
		2043B14B205A61D2007235DF /* CompaniesController+UITableView.swift in Sources */ = {isa = PBXBuildFile; fileRef = 2043B14A205A61D2007235DF /* CompaniesController+UITableView.swift */; };
		2043B14D205AE0EA007235DF /* EmployeesController.swift in Sources */ = {isa = PBXBuildFile; fileRef = 2043B14C205AE0EA007235DF /* EmployeesController.swift */; };
		2043B150205AE2D5007235DF /* UIViewController+Helpers.swift in Sources */ = {isa = PBXBuildFile; fileRef = 2043B14F205AE2D5007235DF /* UIViewController+Helpers.swift */; };
		2043B152205AE426007235DF /* CreateEmployeeController.swift in Sources */ = {isa = PBXBuildFile; fileRef = 2043B151205AE426007235DF /* CreateEmployeeController.swift */; };
		2043B15520600392007235DF /* EmployeeType.swift in Sources */ = {isa = PBXBuildFile; fileRef = 2043B15420600392007235DF /* EmployeeType.swift */; };
		20A57F8120643CB60089C27B /* CompaniesAutoUpdateController.swift in Sources */ = {isa = PBXBuildFile; fileRef = 20A57F8020643CB60089C27B /* CompaniesAutoUpdateController.swift */; };
		20A57F832067DEAC0089C27B /* Service.swift in Sources */ = {isa = PBXBuildFile; fileRef = 20A57F822067DEAC0089C27B /* Service.swift */; };
		20A57F872067FC440089C27B /* Modelv1.1_2.xcmappingmodel in Sources */ = {isa = PBXBuildFile; fileRef = 20A57F862067FC440089C27B /* Modelv1.1_2.xcmappingmodel */; };
		20A57F892067FD2A0089C27B /* CustomMigrationPolicy.swift in Sources */ = {isa = PBXBuildFile; fileRef = 20A57F882067FD2A0089C27B /* CustomMigrationPolicy.swift */; };
/* End PBXBuildFile section */

/* Begin PBXFileReference section */
		2043B12320536EBC007235DF /* IntermediateTraining.app */ = {isa = PBXFileReference; explicitFileType = wrapper.application; includeInIndex = 0; path = IntermediateTraining.app; sourceTree = BUILT_PRODUCTS_DIR; };
		2043B12620536EBC007235DF /* AppDelegate.swift */ = {isa = PBXFileReference; lastKnownFileType = sourcecode.swift; path = AppDelegate.swift; sourceTree = "<group>"; };
		2043B12B20536EBC007235DF /* Base */ = {isa = PBXFileReference; lastKnownFileType = file.storyboard; name = Base; path = Base.lproj/Main.storyboard; sourceTree = "<group>"; };
		2043B12D20536EBC007235DF /* Assets.xcassets */ = {isa = PBXFileReference; lastKnownFileType = folder.assetcatalog; path = Assets.xcassets; sourceTree = "<group>"; };
		2043B13020536EBC007235DF /* Base */ = {isa = PBXFileReference; lastKnownFileType = file.storyboard; name = Base; path = Base.lproj/LaunchScreen.storyboard; sourceTree = "<group>"; };
		2043B13220536EBC007235DF /* Info.plist */ = {isa = PBXFileReference; lastKnownFileType = text.plist.xml; path = Info.plist; sourceTree = "<group>"; };
		2043B13820558A59007235DF /* UIColor+theme.swift */ = {isa = PBXFileReference; lastKnownFileType = sourcecode.swift; path = "UIColor+theme.swift"; sourceTree = "<group>"; };
		2043B13A2055916B007235DF /* Company.swift */ = {isa = PBXFileReference; lastKnownFileType = sourcecode.swift; path = Company.swift; sourceTree = "<group>"; };
		2043B13C2055946D007235DF /* CompaniesController.swift */ = {isa = PBXFileReference; lastKnownFileType = sourcecode.swift; path = CompaniesController.swift; sourceTree = "<group>"; };
		2043B13E2056FDEC007235DF /* CreateCompanyController.swift */ = {isa = PBXFileReference; lastKnownFileType = sourcecode.swift; path = CreateCompanyController.swift; sourceTree = "<group>"; };
		2043B14120596C18007235DF /* IntermediateTrainingModels.xcdatamodel */ = {isa = PBXFileReference; lastKnownFileType = wrapper.xcdatamodel; path = IntermediateTrainingModels.xcdatamodel; sourceTree = "<group>"; };
		2043B14320597698007235DF /* CoreDataManager.swift */ = {isa = PBXFileReference; lastKnownFileType = sourcecode.swift; path = CoreDataManager.swift; sourceTree = "<group>"; };
		2043B1452059E354007235DF /* CompanyCell.swift */ = {isa = PBXFileReference; lastKnownFileType = sourcecode.swift; path = CompanyCell.swift; sourceTree = "<group>"; };
		2043B148205A60B8007235DF /* CompaniesController+CreateCompany.swift */ = {isa = PBXFileReference; lastKnownFileType = sourcecode.swift; path = "CompaniesController+CreateCompany.swift"; sourceTree = "<group>"; };
		2043B14A205A61D2007235DF /* CompaniesController+UITableView.swift */ = {isa = PBXFileReference; lastKnownFileType = sourcecode.swift; path = "CompaniesController+UITableView.swift"; sourceTree = "<group>"; };
		2043B14C205AE0EA007235DF /* EmployeesController.swift */ = {isa = PBXFileReference; lastKnownFileType = sourcecode.swift; path = EmployeesController.swift; sourceTree = "<group>"; };
		2043B14F205AE2D5007235DF /* UIViewController+Helpers.swift */ = {isa = PBXFileReference; lastKnownFileType = sourcecode.swift; path = "UIViewController+Helpers.swift"; sourceTree = "<group>"; };
		2043B151205AE426007235DF /* CreateEmployeeController.swift */ = {isa = PBXFileReference; lastKnownFileType = sourcecode.swift; path = CreateEmployeeController.swift; sourceTree = "<group>"; };
		2043B15420600392007235DF /* EmployeeType.swift */ = {isa = PBXFileReference; lastKnownFileType = sourcecode.swift; path = EmployeeType.swift; sourceTree = "<group>"; };
		20A57F8020643CB60089C27B /* CompaniesAutoUpdateController.swift */ = {isa = PBXFileReference; lastKnownFileType = sourcecode.swift; path = CompaniesAutoUpdateController.swift; sourceTree = "<group>"; };
		20A57F822067DEAC0089C27B /* Service.swift */ = {isa = PBXFileReference; lastKnownFileType = sourcecode.swift; path = Service.swift; sourceTree = "<group>"; };
		20A57F842067F7690089C27B /* IntermediateTrainingModels_v1.1.xcdatamodel */ = {isa = PBXFileReference; lastKnownFileType = wrapper.xcdatamodel; path = IntermediateTrainingModels_v1.1.xcdatamodel; sourceTree = "<group>"; };
		20A57F852067FA9B0089C27B /* IntermediateTrainingModels_v1. 2.xcdatamodel */ = {isa = PBXFileReference; lastKnownFileType = wrapper.xcdatamodel; path = "IntermediateTrainingModels_v1. 2.xcdatamodel"; sourceTree = "<group>"; };
		20A57F862067FC440089C27B /* Modelv1.1_2.xcmappingmodel */ = {isa = PBXFileReference; lastKnownFileType = wrapper.xcmappingmodel; path = Modelv1.1_2.xcmappingmodel; sourceTree = "<group>"; };
		20A57F882067FD2A0089C27B /* CustomMigrationPolicy.swift */ = {isa = PBXFileReference; lastKnownFileType = sourcecode.swift; path = CustomMigrationPolicy.swift; sourceTree = "<group>"; };
/* End PBXFileReference section */

/* Begin PBXFrameworksBuildPhase section */
		2043B12020536EBC007235DF /* Frameworks */ = {
			isa = PBXFrameworksBuildPhase;
			buildActionMask = 2147483647;
			files = (
			);
			runOnlyForDeploymentPostprocessing = 0;
		};
/* End PBXFrameworksBuildPhase section */

/* Begin PBXGroup section */
		2043B11A20536EBC007235DF = {
			isa = PBXGroup;
			children = (
				2043B12520536EBC007235DF /* IntermediateTraining */,
				2043B12420536EBC007235DF /* Products */,
			);
			sourceTree = "<group>";
		};
		2043B12420536EBC007235DF /* Products */ = {
			isa = PBXGroup;
			children = (
				2043B12320536EBC007235DF /* IntermediateTraining.app */,
			);
			name = Products;
			sourceTree = "<group>";
		};
		2043B12520536EBC007235DF /* IntermediateTraining */ = {
			isa = PBXGroup;
			children = (
				2043B14E205AE2C2007235DF /* Helpers */,
				2043B1472059E430007235DF /* Companies */,
				2043B12620536EBC007235DF /* AppDelegate.swift */,
				2043B14020596C18007235DF /* IntermediateTrainingModels.xcdatamodeld */,
				2043B14320597698007235DF /* CoreDataManager.swift */,
				2043B12A20536EBC007235DF /* Main.storyboard */,
				2043B12D20536EBC007235DF /* Assets.xcassets */,
				2043B12F20536EBC007235DF /* LaunchScreen.storyboard */,
				2043B13220536EBC007235DF /* Info.plist */,
				2043B13820558A59007235DF /* UIColor+theme.swift */,
				2043B13A2055916B007235DF /* Company.swift */,
				20A57F862067FC440089C27B /* Modelv1.1_2.xcmappingmodel */,
				20A57F882067FD2A0089C27B /* CustomMigrationPolicy.swift */,
			);
			path = IntermediateTraining;
			sourceTree = "<group>";
		};
		2043B1472059E430007235DF /* Companies */ = {
			isa = PBXGroup;
			children = (
				2043B153205AF20B007235DF /* Employees */,
				2043B13C2055946D007235DF /* CompaniesController.swift */,
				2043B1452059E354007235DF /* CompanyCell.swift */,
				2043B148205A60B8007235DF /* CompaniesController+CreateCompany.swift */,
				2043B14A205A61D2007235DF /* CompaniesController+UITableView.swift */,
				2043B13E2056FDEC007235DF /* CreateCompanyController.swift */,
				20A57F8020643CB60089C27B /* CompaniesAutoUpdateController.swift */,
				20A57F822067DEAC0089C27B /* Service.swift */,
			);
			path = Companies;
			sourceTree = "<group>";
		};
		2043B14E205AE2C2007235DF /* Helpers */ = {
			isa = PBXGroup;
			children = (
				2043B14F205AE2D5007235DF /* UIViewController+Helpers.swift */,
			);
			path = Helpers;
			sourceTree = "<group>";
		};
		2043B153205AF20B007235DF /* Employees */ = {
			isa = PBXGroup;
			children = (
				2043B14C205AE0EA007235DF /* EmployeesController.swift */,
				2043B151205AE426007235DF /* CreateEmployeeController.swift */,
				2043B15420600392007235DF /* EmployeeType.swift */,
			);
			path = Employees;
			sourceTree = "<group>";
		};
/* End PBXGroup section */

/* Begin PBXNativeTarget section */
		2043B12220536EBC007235DF /* IntermediateTraining */ = {
			isa = PBXNativeTarget;
			buildConfigurationList = 2043B13520536EBC007235DF /* Build configuration list for PBXNativeTarget "IntermediateTraining" */;
			buildPhases = (
				2043B11F20536EBC007235DF /* Sources */,
				2043B12020536EBC007235DF /* Frameworks */,
				2043B12120536EBC007235DF /* Resources */,
			);
			buildRules = (
			);
			dependencies = (
			);
			name = IntermediateTraining;
			productName = IntermediateTraining;
			productReference = 2043B12320536EBC007235DF /* IntermediateTraining.app */;
			productType = "com.apple.product-type.application";
		};
/* End PBXNativeTarget section */

/* Begin PBXProject section */
		2043B11B20536EBC007235DF /* Project object */ = {
			isa = PBXProject;
			attributes = {
				LastSwiftUpdateCheck = 0920;
				LastUpgradeCheck = 0920;
				ORGANIZATIONNAME = "Rickey Hrabowskie";
				TargetAttributes = {
					2043B12220536EBC007235DF = {
						CreatedOnToolsVersion = 9.2;
						ProvisioningStyle = Automatic;
					};
				};
			};
			buildConfigurationList = 2043B11E20536EBC007235DF /* Build configuration list for PBXProject "IntermediateTraining" */;
			compatibilityVersion = "Xcode 8.0";
			developmentRegion = en;
			hasScannedForEncodings = 0;
			knownRegions = (
				en,
				Base,
			);
			mainGroup = 2043B11A20536EBC007235DF;
			productRefGroup = 2043B12420536EBC007235DF /* Products */;
			projectDirPath = "";
			projectRoot = "";
			targets = (
				2043B12220536EBC007235DF /* IntermediateTraining */,
			);
		};
/* End PBXProject section */

/* Begin PBXResourcesBuildPhase section */
		2043B12120536EBC007235DF /* Resources */ = {
			isa = PBXResourcesBuildPhase;
			buildActionMask = 2147483647;
			files = (
				2043B13120536EBC007235DF /* LaunchScreen.storyboard in Resources */,
				2043B12E20536EBC007235DF /* Assets.xcassets in Resources */,
				2043B12C20536EBC007235DF /* Main.storyboard in Resources */,
			);
			runOnlyForDeploymentPostprocessing = 0;
		};
/* End PBXResourcesBuildPhase section */

/* Begin PBXSourcesBuildPhase section */
		2043B11F20536EBC007235DF /* Sources */ = {
			isa = PBXSourcesBuildPhase;
			buildActionMask = 2147483647;
			files = (
				2043B149205A60B8007235DF /* CompaniesController+CreateCompany.swift in Sources */,
				2043B13920558A59007235DF /* UIColor+theme.swift in Sources */,
				2043B12720536EBC007235DF /* AppDelegate.swift in Sources */,
				2043B13F2056FDEC007235DF /* CreateCompanyController.swift in Sources */,
				2043B150205AE2D5007235DF /* UIViewController+Helpers.swift in Sources */,
				2043B1462059E354007235DF /* CompanyCell.swift in Sources */,
				2043B14B205A61D2007235DF /* CompaniesController+UITableView.swift in Sources */,
				2043B15520600392007235DF /* EmployeeType.swift in Sources */,
				2043B152205AE426007235DF /* CreateEmployeeController.swift in Sources */,
				20A57F832067DEAC0089C27B /* Service.swift in Sources */,
				20A57F872067FC440089C27B /* Modelv1.1_2.xcmappingmodel in Sources */,
				2043B14D205AE0EA007235DF /* EmployeesController.swift in Sources */,
				2043B13B2055916B007235DF /* Company.swift in Sources */,
				20A57F8120643CB60089C27B /* CompaniesAutoUpdateController.swift in Sources */,
				2043B14220596C18007235DF /* IntermediateTrainingModels.xcdatamodeld in Sources */,
				2043B14420597698007235DF /* CoreDataManager.swift in Sources */,
				2043B13D2055946D007235DF /* CompaniesController.swift in Sources */,
				20A57F892067FD2A0089C27B /* CustomMigrationPolicy.swift in Sources */,
			);
			runOnlyForDeploymentPostprocessing = 0;
		};
/* End PBXSourcesBuildPhase section */

/* Begin PBXVariantGroup section */
		2043B12A20536EBC007235DF /* Main.storyboard */ = {
			isa = PBXVariantGroup;
			children = (
				2043B12B20536EBC007235DF /* Base */,
			);
			name = Main.storyboard;
			sourceTree = "<group>";
		};
		2043B12F20536EBC007235DF /* LaunchScreen.storyboard */ = {
			isa = PBXVariantGroup;
			children = (
				2043B13020536EBC007235DF /* Base */,
			);
			name = LaunchScreen.storyboard;
			sourceTree = "<group>";
		};
/* End PBXVariantGroup section */

/* Begin XCBuildConfiguration section */
		2043B13320536EBC007235DF /* Debug */ = {
			isa = XCBuildConfiguration;
			buildSettings = {
				ALWAYS_SEARCH_USER_PATHS = NO;
				CLANG_ANALYZER_NONNULL = YES;
				CLANG_ANALYZER_NUMBER_OBJECT_CONVERSION = YES_AGGRESSIVE;
				CLANG_CXX_LANGUAGE_STANDARD = "gnu++14";
				CLANG_CXX_LIBRARY = "libc++";
				CLANG_ENABLE_MODULES = YES;
				CLANG_ENABLE_OBJC_ARC = YES;
				CLANG_WARN_BLOCK_CAPTURE_AUTORELEASING = YES;
				CLANG_WARN_BOOL_CONVERSION = YES;
				CLANG_WARN_COMMA = YES;
				CLANG_WARN_CONSTANT_CONVERSION = YES;
				CLANG_WARN_DIRECT_OBJC_ISA_USAGE = YES_ERROR;
				CLANG_WARN_DOCUMENTATION_COMMENTS = YES;
				CLANG_WARN_EMPTY_BODY = YES;
				CLANG_WARN_ENUM_CONVERSION = YES;
				CLANG_WARN_INFINITE_RECURSION = YES;
				CLANG_WARN_INT_CONVERSION = YES;
				CLANG_WARN_NON_LITERAL_NULL_CONVERSION = YES;
				CLANG_WARN_OBJC_LITERAL_CONVERSION = YES;
				CLANG_WARN_OBJC_ROOT_CLASS = YES_ERROR;
				CLANG_WARN_RANGE_LOOP_ANALYSIS = YES;
				CLANG_WARN_STRICT_PROTOTYPES = YES;
				CLANG_WARN_SUSPICIOUS_MOVE = YES;
				CLANG_WARN_UNGUARDED_AVAILABILITY = YES_AGGRESSIVE;
				CLANG_WARN_UNREACHABLE_CODE = YES;
				CLANG_WARN__DUPLICATE_METHOD_MATCH = YES;
				CODE_SIGN_IDENTITY = "iPhone Developer";
				COPY_PHASE_STRIP = NO;
				DEBUG_INFORMATION_FORMAT = dwarf;
				ENABLE_STRICT_OBJC_MSGSEND = YES;
				ENABLE_TESTABILITY = YES;
				GCC_C_LANGUAGE_STANDARD = gnu11;
				GCC_DYNAMIC_NO_PIC = NO;
				GCC_NO_COMMON_BLOCKS = YES;
				GCC_OPTIMIZATION_LEVEL = 0;
				GCC_PREPROCESSOR_DEFINITIONS = (
					"DEBUG=1",
					"$(inherited)",
				);
				GCC_WARN_64_TO_32_BIT_CONVERSION = YES;
				GCC_WARN_ABOUT_RETURN_TYPE = YES_ERROR;
				GCC_WARN_UNDECLARED_SELECTOR = YES;
				GCC_WARN_UNINITIALIZED_AUTOS = YES_AGGRESSIVE;
				GCC_WARN_UNUSED_FUNCTION = YES;
				GCC_WARN_UNUSED_VARIABLE = YES;
				IPHONEOS_DEPLOYMENT_TARGET = 11.2;
				MTL_ENABLE_DEBUG_INFO = YES;
				ONLY_ACTIVE_ARCH = YES;
				SDKROOT = iphoneos;
				SWIFT_ACTIVE_COMPILATION_CONDITIONS = DEBUG;
				SWIFT_OPTIMIZATION_LEVEL = "-Onone";
			};
			name = Debug;
		};
		2043B13420536EBC007235DF /* Release */ = {
			isa = XCBuildConfiguration;
			buildSettings = {
				ALWAYS_SEARCH_USER_PATHS = NO;
				CLANG_ANALYZER_NONNULL = YES;
				CLANG_ANALYZER_NUMBER_OBJECT_CONVERSION = YES_AGGRESSIVE;
				CLANG_CXX_LANGUAGE_STANDARD = "gnu++14";
				CLANG_CXX_LIBRARY = "libc++";
				CLANG_ENABLE_MODULES = YES;
				CLANG_ENABLE_OBJC_ARC = YES;
				CLANG_WARN_BLOCK_CAPTURE_AUTORELEASING = YES;
				CLANG_WARN_BOOL_CONVERSION = YES;
				CLANG_WARN_COMMA = YES;
				CLANG_WARN_CONSTANT_CONVERSION = YES;
				CLANG_WARN_DIRECT_OBJC_ISA_USAGE = YES_ERROR;
				CLANG_WARN_DOCUMENTATION_COMMENTS = YES;
				CLANG_WARN_EMPTY_BODY = YES;
				CLANG_WARN_ENUM_CONVERSION = YES;
				CLANG_WARN_INFINITE_RECURSION = YES;
				CLANG_WARN_INT_CONVERSION = YES;
				CLANG_WARN_NON_LITERAL_NULL_CONVERSION = YES;
				CLANG_WARN_OBJC_LITERAL_CONVERSION = YES;
				CLANG_WARN_OBJC_ROOT_CLASS = YES_ERROR;
				CLANG_WARN_RANGE_LOOP_ANALYSIS = YES;
				CLANG_WARN_STRICT_PROTOTYPES = YES;
				CLANG_WARN_SUSPICIOUS_MOVE = YES;
				CLANG_WARN_UNGUARDED_AVAILABILITY = YES_AGGRESSIVE;
				CLANG_WARN_UNREACHABLE_CODE = YES;
				CLANG_WARN__DUPLICATE_METHOD_MATCH = YES;
				CODE_SIGN_IDENTITY = "iPhone Developer";
				COPY_PHASE_STRIP = NO;
				DEBUG_INFORMATION_FORMAT = "dwarf-with-dsym";
				ENABLE_NS_ASSERTIONS = NO;
				ENABLE_STRICT_OBJC_MSGSEND = YES;
				GCC_C_LANGUAGE_STANDARD = gnu11;
				GCC_NO_COMMON_BLOCKS = YES;
				GCC_WARN_64_TO_32_BIT_CONVERSION = YES;
				GCC_WARN_ABOUT_RETURN_TYPE = YES_ERROR;
				GCC_WARN_UNDECLARED_SELECTOR = YES;
				GCC_WARN_UNINITIALIZED_AUTOS = YES_AGGRESSIVE;
				GCC_WARN_UNUSED_FUNCTION = YES;
				GCC_WARN_UNUSED_VARIABLE = YES;
				IPHONEOS_DEPLOYMENT_TARGET = 11.2;
				MTL_ENABLE_DEBUG_INFO = NO;
				SDKROOT = iphoneos;
				SWIFT_OPTIMIZATION_LEVEL = "-Owholemodule";
				VALIDATE_PRODUCT = YES;
			};
			name = Release;
		};
		2043B13620536EBC007235DF /* Debug */ = {
			isa = XCBuildConfiguration;
			buildSettings = {
				ASSETCATALOG_COMPILER_APPICON_NAME = AppIcon;
				CODE_SIGN_STYLE = Automatic;
				DEVELOPMENT_TEAM = XC48HTB69A;
				INFOPLIST_FILE = IntermediateTraining/Info.plist;
				LD_RUNPATH_SEARCH_PATHS = "$(inherited) @executable_path/Frameworks";
				PRODUCT_BUNDLE_IDENTIFIER = com.rickeyHrabowskie.IntermediateTraining;
				PRODUCT_NAME = "$(TARGET_NAME)";
				SWIFT_VERSION = 4.0;
				TARGETED_DEVICE_FAMILY = "1,2";
			};
			name = Debug;
		};
		2043B13720536EBC007235DF /* Release */ = {
			isa = XCBuildConfiguration;
			buildSettings = {
				ASSETCATALOG_COMPILER_APPICON_NAME = AppIcon;
				CODE_SIGN_STYLE = Automatic;
				DEVELOPMENT_TEAM = XC48HTB69A;
				INFOPLIST_FILE = IntermediateTraining/Info.plist;
				LD_RUNPATH_SEARCH_PATHS = "$(inherited) @executable_path/Frameworks";
				PRODUCT_BUNDLE_IDENTIFIER = com.rickeyHrabowskie.IntermediateTraining;
				PRODUCT_NAME = "$(TARGET_NAME)";
				SWIFT_VERSION = 4.0;
				TARGETED_DEVICE_FAMILY = "1,2";
			};
			name = Release;
		};
/* End XCBuildConfiguration section */

/* Begin XCConfigurationList section */
		2043B11E20536EBC007235DF /* Build configuration list for PBXProject "IntermediateTraining" */ = {
			isa = XCConfigurationList;
			buildConfigurations = (
				2043B13320536EBC007235DF /* Debug */,
				2043B13420536EBC007235DF /* Release */,
			);
			defaultConfigurationIsVisible = 0;
			defaultConfigurationName = Release;
		};
		2043B13520536EBC007235DF /* Build configuration list for PBXNativeTarget "IntermediateTraining" */ = {
			isa = XCConfigurationList;
			buildConfigurations = (
				2043B13620536EBC007235DF /* Debug */,
				2043B13720536EBC007235DF /* Release */,
			);
			defaultConfigurationIsVisible = 0;
			defaultConfigurationName = Release;
		};
/* End XCConfigurationList section */

/* Begin XCVersionGroup section */
		2043B14020596C18007235DF /* IntermediateTrainingModels.xcdatamodeld */ = {
			isa = XCVersionGroup;
			children = (
				20A57F852067FA9B0089C27B /* IntermediateTrainingModels_v1. 2.xcdatamodel */,
				20A57F842067F7690089C27B /* IntermediateTrainingModels_v1.1.xcdatamodel */,
				2043B14120596C18007235DF /* IntermediateTrainingModels.xcdatamodel */,
			);
			currentVersion = 2043B14120596C18007235DF /* IntermediateTrainingModels.xcdatamodel */;
			path = IntermediateTrainingModels.xcdatamodeld;
			sourceTree = "<group>";
			versionGroupType = wrapper.xcdatamodel;
		};
/* End XCVersionGroup section */
	};
	rootObject = 2043B11B20536EBC007235DF /* Project object */;
}
